
Microsoft Visual Studio Solution File, Format Version 12.00
# Visual Studio Version 17
VisualStudioVersion = 17.8.34511.84
MinimumVisualStudioVersion = 10.0.40219.1
Project("{FAE04EC0-301F-11D3-BF4B-00C04F79EFBC}") = "CustomerLoan.API", "CustomerLoan.API\CustomerLoan.API.csproj", "{D7AF0F0D-6C39-424E-BC6E-F4A8549BF9DA}"
EndProject
Global
	GlobalSection(SolutionConfigurationPlatforms) = preSolution
		Debug|Any CPU = Debug|Any CPU
		Release|Any CPU = Release|Any CPU
	EndGlobalSection
	GlobalSection(ProjectConfigurationPlatforms) = postSolution
		{D7AF0F0D-6C39-424E-BC6E-F4A8549BF9DA}.Debug|Any CPU.ActiveCfg = Debug|Any CPU
		{D7AF0F0D-6C39-424E-BC6E-F4A8549BF9DA}.Debug|Any CPU.Build.0 = Debug|Any CPU
		{D7AF0F0D-6C39-424E-BC6E-F4A8549BF9DA}.Release|Any CPU.ActiveCfg = Release|Any CPU
		{D7AF0F0D-6C39-424E-BC6E-F4A8549BF9DA}.Release|Any CPU.Build.0 = Release|Any CPU
	EndGlobalSection
	GlobalSection(SolutionProperties) = preSolution
		HideSolutionNode = FALSE
	EndGlobalSection
	GlobalSection(ExtensibilityGlobals) = postSolution
		SolutionGuid = {3788BCC5-7F54-4C3D-AC24-A704617CE515}
	EndGlobalSection
EndGlobal
